# This file is automatically @generated by Cargo.
# It is not intended for manual editing.
version = 4

[[package]]
name = "hecate"
version = "0.1.0"
dependencies = [
 "hecate-core",
]

[[package]]
name = "hecate-agent"
version = "0.1.0"

[[package]]
name = "hecate-config"
version = "0.1.0"

[[package]]
name = "hecate-core"
version = "0.1.0"

[[package]]
name = "hecate-generate"
version = "0.1.0"

[[package]]
name = "hecate-git"
version = "0.1.0"

[[package]]
name = "hecate-host"
version = "0.1.0"

[[package]]
name = "hecate-host-github"
version = "0.1.0"
dependencies = [
 "hecate-host",
]

[[package]]
name = "hecate-mcp"
version = "0.1.0"
dependencies = [
 "hecate-core",
]
